
Microsoft Visual Studio Solution File, Format Version 12.00
# Visual Studio Version 16
VisualStudioVersion = 16.0.29215.179
MinimumVisualStudioVersion = 10.0.40219.1
Project("{9A19103F-16F7-4668-BE54-9A1E7A4F7556}") = "Meeeeeediator.Client.CLI", "Meeeeeediator.Client.CLI\Meeeeeediator.Client.CLI.csproj", "{734C8382-4964-4B74-9CCB-BB7449894F34}"
EndProject
Project("{9A19103F-16F7-4668-BE54-9A1E7A4F7556}") = "Meeeeeediator.Api", "Meeeeeediator.Api\Meeeeeediator.Api.csproj", "{5513D330-1A2C-479A-8944-4C2905722CBD}"
EndProject
Project("{9A19103F-16F7-4668-BE54-9A1E7A4F7556}") = "Meeeeeediator.Core", "Meeeeeediator.Core\Meeeeeediator.Core.csproj", "{348E2E6D-31CA-494F-8FB8-FE72AD39631A}"
EndProject
Project("{FAE04EC0-301F-11D3-BF4B-00C04F79EFBC}") = "Meeeeeediator.Application", "Meeeeeediator.Application\Meeeeeediator.Application.csproj", "{573F6B8B-0128-4943-A216-1222A88983EF}"
EndProject
Global
	GlobalSection(SolutionConfigurationPlatforms) = preSolution
		Debug|Any CPU = Debug|Any CPU
		Release|Any CPU = Release|Any CPU
	EndGlobalSection
	GlobalSection(ProjectConfigurationPlatforms) = postSolution
		{734C8382-4964-4B74-9CCB-BB7449894F34}.Debug|Any CPU.ActiveCfg = Debug|Any CPU
		{734C8382-4964-4B74-9CCB-BB7449894F34}.Debug|Any CPU.Build.0 = Debug|Any CPU
		{734C8382-4964-4B74-9CCB-BB7449894F34}.Release|Any CPU.ActiveCfg = Release|Any CPU
		{734C8382-4964-4B74-9CCB-BB7449894F34}.Release|Any CPU.Build.0 = Release|Any CPU
		{5513D330-1A2C-479A-8944-4C2905722CBD}.Debug|Any CPU.ActiveCfg = Debug|Any CPU
		{5513D330-1A2C-479A-8944-4C2905722CBD}.Debug|Any CPU.Build.0 = Debug|Any CPU
		{5513D330-1A2C-479A-8944-4C2905722CBD}.Release|Any CPU.ActiveCfg = Release|Any CPU
		{5513D330-1A2C-479A-8944-4C2905722CBD}.Release|Any CPU.Build.0 = Release|Any CPU
		{348E2E6D-31CA-494F-8FB8-FE72AD39631A}.Debug|Any CPU.ActiveCfg = Debug|Any CPU
		{348E2E6D-31CA-494F-8FB8-FE72AD39631A}.Debug|Any CPU.Build.0 = Debug|Any CPU
		{348E2E6D-31CA-494F-8FB8-FE72AD39631A}.Release|Any CPU.ActiveCfg = Release|Any CPU
		{348E2E6D-31CA-494F-8FB8-FE72AD39631A}.Release|Any CPU.Build.0 = Release|Any CPU
		{573F6B8B-0128-4943-A216-1222A88983EF}.Debug|Any CPU.ActiveCfg = Debug|Any CPU
		{573F6B8B-0128-4943-A216-1222A88983EF}.Debug|Any CPU.Build.0 = Debug|Any CPU
		{573F6B8B-0128-4943-A216-1222A88983EF}.Release|Any CPU.ActiveCfg = Release|Any CPU
		{573F6B8B-0128-4943-A216-1222A88983EF}.Release|Any CPU.Build.0 = Release|Any CPU
	EndGlobalSection
	GlobalSection(SolutionProperties) = preSolution
		HideSolutionNode = FALSE
	EndGlobalSection
	GlobalSection(ExtensibilityGlobals) = postSolution
		SolutionGuid = {BB60B087-D65B-4B76-B523-3FAD2F598CD4}
	EndGlobalSection
EndGlobal
